// !$*UTF8*$!
{
	archiveVersion = 1;
	classes = {
	};
	objectVersion = 50;
	objects = {

/* Begin PBXBuildFile section */
		348867DA215B3A7B00BE7581 /* AppDelegate.swift in Sources */ = {isa = PBXBuildFile; fileRef = 348867D9215B3A7B00BE7581 /* AppDelegate.swift */; };
		348867DC215B3A7B00BE7581 /* ViewController.swift in Sources */ = {isa = PBXBuildFile; fileRef = 348867DB215B3A7B00BE7581 /* ViewController.swift */; };
		348867DF215B3A7B00BE7581 /* Main.storyboard in Resources */ = {isa = PBXBuildFile; fileRef = 348867DD215B3A7B00BE7581 /* Main.storyboard */; };
		348867E4215B3A7D00BE7581 /* LaunchScreen.storyboard in Resources */ = {isa = PBXBuildFile; fileRef = 348867E2215B3A7D00BE7581 /* LaunchScreen.storyboard */; };
		3488BB642166F30400A2093E /* Input-Regular_(InputSansCompressed-Regular).ttf in Resources */ = {isa = PBXBuildFile; fileRef = 3488BB632166F30400A2093E /* Input-Regular_(InputSansCompressed-Regular).ttf */; };
		3497BC3D2165FC20005DF272 /* Assets.xcassets in Resources */ = {isa = PBXBuildFile; fileRef = 3497BC3C2165FC20005DF272 /* Assets.xcassets */; };
/* End PBXBuildFile section */

/* Begin PBXFileReference section */
		348867D6215B3A7B00BE7581 /* mDisco.app */ = {isa = PBXFileReference; explicitFileType = wrapper.application; includeInIndex = 0; path = mDisco.app; sourceTree = BUILT_PRODUCTS_DIR; };
		348867D9215B3A7B00BE7581 /* AppDelegate.swift */ = {isa = PBXFileReference; lastKnownFileType = sourcecode.swift; path = AppDelegate.swift; sourceTree = "<group>"; };
		348867DB215B3A7B00BE7581 /* ViewController.swift */ = {isa = PBXFileReference; lastKnownFileType = sourcecode.swift; path = ViewController.swift; sourceTree = "<group>"; };
		348867DE215B3A7B00BE7581 /* Base */ = {isa = PBXFileReference; lastKnownFileType = file.storyboard; name = Base; path = Base.lproj/Main.storyboard; sourceTree = "<group>"; };
		348867E3215B3A7D00BE7581 /* Base */ = {isa = PBXFileReference; lastKnownFileType = file.storyboard; name = Base; path = Base.lproj/LaunchScreen.storyboard; sourceTree = "<group>"; };
		348867E5215B3A7D00BE7581 /* Info.plist */ = {isa = PBXFileReference; lastKnownFileType = text.plist.xml; path = Info.plist; sourceTree = "<group>"; };
		3488BB632166F30400A2093E /* Input-Regular_(InputSansCompressed-Regular).ttf */ = {isa = PBXFileReference; lastKnownFileType = file; path = "Input-Regular_(InputSansCompressed-Regular).ttf"; sourceTree = "<group>"; };
		3497BC3C2165FC20005DF272 /* Assets.xcassets */ = {isa = PBXFileReference; lastKnownFileType = folder.assetcatalog; path = Assets.xcassets; sourceTree = "<group>"; };
/* End PBXFileReference section */

/* Begin PBXFrameworksBuildPhase section */
		348867D3215B3A7B00BE7581 /* Frameworks */ = {
			isa = PBXFrameworksBuildPhase;
			buildActionMask = 2147483647;
			files = (
			);
			runOnlyForDeploymentPostprocessing = 0;
		};
/* End PBXFrameworksBuildPhase section */

/* Begin PBXGroup section */
		348867CD215B3A7B00BE7581 = {
			isa = PBXGroup;
			children = (
				348867D8215B3A7B00BE7581 /* mDisco */,
				348867D7215B3A7B00BE7581 /* Products */,
			);
			sourceTree = "<group>";
		};
		348867D7215B3A7B00BE7581 /* Products */ = {
			isa = PBXGroup;
			children = (
				348867D6215B3A7B00BE7581 /* mDisco.app */,
			);
			name = Products;
			sourceTree = "<group>";
		};
		348867D8215B3A7B00BE7581 /* mDisco */ = {
			isa = PBXGroup;
			children = (
				348867E5215B3A7D00BE7581 /* Info.plist */,
				348867D9215B3A7B00BE7581 /* AppDelegate.swift */,
				348867DB215B3A7B00BE7581 /* ViewController.swift */,
				3497BC3C2165FC20005DF272 /* Assets.xcassets */,
				3497BC372165F6E7005DF272 /* fonts */,
				348867E2215B3A7D00BE7581 /* LaunchScreen.storyboard */,
				348867DD215B3A7B00BE7581 /* Main.storyboard */,
			);
			path = mDisco;
			sourceTree = "<group>";
		};
		3497BC372165F6E7005DF272 /* fonts */ = {
			isa = PBXGroup;
			children = (
				3488BB632166F30400A2093E /* Input-Regular_(InputSansCompressed-Regular).ttf */,
			);
			path = fonts;
			sourceTree = "<group>";
		};
/* End PBXGroup section */

/* Begin PBXNativeTarget section */
		348867D5215B3A7B00BE7581 /* mDisco */ = {
			isa = PBXNativeTarget;
			buildConfigurationList = 348867E8215B3A7D00BE7581 /* Build configuration list for PBXNativeTarget "mDisco" */;
			buildPhases = (
				348867D2215B3A7B00BE7581 /* Sources */,
				348867D3215B3A7B00BE7581 /* Frameworks */,
				348867D4215B3A7B00BE7581 /* Resources */,
			);
			buildRules = (
			);
			dependencies = (
			);
			name = mDisco;
			productName = BonjourDiscovery;
			productReference = 348867D6215B3A7B00BE7581 /* mDisco.app */;
			productType = "com.apple.product-type.application";
		};
/* End PBXNativeTarget section */

/* Begin PBXProject section */
		348867CE215B3A7B00BE7581 /* Project object */ = {
			isa = PBXProject;
			attributes = {
				LastSwiftUpdateCheck = 1010;
				LastUpgradeCheck = 1010;
				ORGANIZATIONNAME = Dang;
				TargetAttributes = {
					348867D5215B3A7B00BE7581 = {
						CreatedOnToolsVersion = 10.1;
					};
				};
			};
			buildConfigurationList = 348867D1215B3A7B00BE7581 /* Build configuration list for PBXProject "mDisco" */;
			compatibilityVersion = "Xcode 9.3";
			developmentRegion = en;
			hasScannedForEncodings = 0;
			knownRegions = (
				en,
				Base,
			);
			mainGroup = 348867CD215B3A7B00BE7581;
			productRefGroup = 348867D7215B3A7B00BE7581 /* Products */;
			projectDirPath = "";
			projectRoot = "";
			targets = (
				348867D5215B3A7B00BE7581 /* mDisco */,
			);
		};
/* End PBXProject section */

/* Begin PBXResourcesBuildPhase section */
		348867D4215B3A7B00BE7581 /* Resources */ = {
			isa = PBXResourcesBuildPhase;
			buildActionMask = 2147483647;
			files = (
				348867E4215B3A7D00BE7581 /* LaunchScreen.storyboard in Resources */,
				3497BC3D2165FC20005DF272 /* Assets.xcassets in Resources */,
				348867DF215B3A7B00BE7581 /* Main.storyboard in Resources */,
				3488BB642166F30400A2093E /* Input-Regular_(InputSansCompressed-Regular).ttf in Resources */,
			);
			runOnlyForDeploymentPostprocessing = 0;
		};
/* End PBXResourcesBuildPhase section */

/* Begin PBXSourcesBuildPhase section */
		348867D2215B3A7B00BE7581 /* Sources */ = {
			isa = PBXSourcesBuildPhase;
			buildActionMask = 2147483647;
			files = (
				348867DC215B3A7B00BE7581 /* ViewController.swift in Sources */,
				348867DA215B3A7B00BE7581 /* AppDelegate.swift in Sources */,
			);
			runOnlyForDeploymentPostprocessing = 0;
		};
/* End PBXSourcesBuildPhase section */

/* Begin PBXVariantGroup section */
		348867DD215B3A7B00BE7581 /* Main.storyboard */ = {
			isa = PBXVariantGroup;
			children = (
				348867DE215B3A7B00BE7581 /* Base */,
			);
			name = Main.storyboard;
			sourceTree = "<group>";
		};
		348867E2215B3A7D00BE7581 /* LaunchScreen.storyboard */ = {
			isa = PBXVariantGroup;
			children = (
				348867E3215B3A7D00BE7581 /* Base */,
			);
			name = LaunchScreen.storyboard;
			sourceTree = "<group>";
		};
/* End PBXVariantGroup section */

/* Begin XCBuildConfiguration section */
		348867E6215B3A7D00BE7581 /* Debug */ = {
			isa = XCBuildConfiguration;
			buildSettings = {
				ALWAYS_SEARCH_USER_PATHS = NO;
				CLANG_ANALYZER_NONNULL = YES;
				CLANG_ANALYZER_NUMBER_OBJECT_CONVERSION = YES_AGGRESSIVE;
				CLANG_CXX_LANGUAGE_STANDARD = "gnu++14";
				CLANG_CXX_LIBRARY = "libc++";
				CLANG_ENABLE_MODULES = YES;
				CLANG_ENABLE_OBJC_ARC = YES;
				CLANG_ENABLE_OBJC_WEAK = YES;
				CLANG_WARN_BLOCK_CAPTURE_AUTORELEASING = YES;
				CLANG_WARN_BOOL_CONVERSION = YES;
				CLANG_WARN_COMMA = YES;
				CLANG_WARN_CONSTANT_CONVERSION = YES;
				CLANG_WARN_DEPRECATED_OBJC_IMPLEMENTATIONS = YES;
				CLANG_WARN_DIRECT_OBJC_ISA_USAGE = YES_ERROR;
				CLANG_WARN_DOCUMENTATION_COMMENTS = YES;
				CLANG_WARN_EMPTY_BODY = YES;
				CLANG_WARN_ENUM_CONVERSION = YES;
				CLANG_WARN_INFINITE_RECURSION = YES;
				CLANG_WARN_INT_CONVERSION = YES;
				CLANG_WARN_NON_LITERAL_NULL_CONVERSION = YES;
				CLANG_WARN_OBJC_IMPLICIT_RETAIN_SELF = YES;
				CLANG_WARN_OBJC_LITERAL_CONVERSION = YES;
				CLANG_WARN_OBJC_ROOT_CLASS = YES_ERROR;
				CLANG_WARN_RANGE_LOOP_ANALYSIS = YES;
				CLANG_WARN_STRICT_PROTOTYPES = YES;
				CLANG_WARN_SUSPICIOUS_MOVE = YES;
				CLANG_WARN_UNGUARDED_AVAILABILITY = YES_AGGRESSIVE;
				CLANG_WARN_UNREACHABLE_CODE = YES;
				CLANG_WARN__DUPLICATE_METHOD_MATCH = YES;
				CODE_SIGN_IDENTITY = "iPhone Developer";
				COPY_PHASE_STRIP = NO;
				DEBUG_INFORMATION_FORMAT = dwarf;
				ENABLE_STRICT_OBJC_MSGSEND = YES;
				ENABLE_TESTABILITY = YES;
				GCC_C_LANGUAGE_STANDARD = gnu11;
				GCC_DYNAMIC_NO_PIC = NO;
				GCC_NO_COMMON_BLOCKS = YES;
				GCC_OPTIMIZATION_LEVEL = 0;
				GCC_PREPROCESSOR_DEFINITIONS = (
					"DEBUG=1",
					"$(inherited)",
				);
				GCC_WARN_64_TO_32_BIT_CONVERSION = YES;
				GCC_WARN_ABOUT_RETURN_TYPE = YES_ERROR;
				GCC_WARN_UNDECLARED_SELECTOR = YES;
				GCC_WARN_UNINITIALIZED_AUTOS = YES_AGGRESSIVE;
				GCC_WARN_UNUSED_FUNCTION = YES;
				GCC_WARN_UNUSED_VARIABLE = YES;
				IPHONEOS_DEPLOYMENT_TARGET = 12.0;
				MTL_ENABLE_DEBUG_INFO = INCLUDE_SOURCE;
				MTL_FAST_MATH = YES;
				ONLY_ACTIVE_ARCH = YES;
				SDKROOT = iphoneos;
				SWIFT_ACTIVE_COMPILATION_CONDITIONS = DEBUG;
				SWIFT_OPTIMIZATION_LEVEL = "-Onone";
			};
			name = Debug;
		};
		348867E7215B3A7D00BE7581 /* Release */ = {
			isa = XCBuildConfiguration;
			buildSettings = {
				ALWAYS_SEARCH_USER_PATHS = NO;
				CLANG_ANALYZER_NONNULL = YES;
				CLANG_ANALYZER_NUMBER_OBJECT_CONVERSION = YES_AGGRESSIVE;
				CLANG_CXX_LANGUAGE_STANDARD = "gnu++14";
				CLANG_CXX_LIBRARY = "libc++";
				CLANG_ENABLE_MODULES = YES;
				CLANG_ENABLE_OBJC_ARC = YES;
				CLANG_ENABLE_OBJC_WEAK = YES;
				CLANG_WARN_BLOCK_CAPTURE_AUTORELEASING = YES;
				CLANG_WARN_BOOL_CONVERSION = YES;
				CLANG_WARN_COMMA = YES;
				CLANG_WARN_CONSTANT_CONVERSION = YES;
				CLANG_WARN_DEPRECATED_OBJC_IMPLEMENTATIONS = YES;
				CLANG_WARN_DIRECT_OBJC_ISA_USAGE = YES_ERROR;
				CLANG_WARN_DOCUMENTATION_COMMENTS = YES;
				CLANG_WARN_EMPTY_BODY = YES;
				CLANG_WARN_ENUM_CONVERSION = YES;
				CLANG_WARN_INFINITE_RECURSION = YES;
				CLANG_WARN_INT_CONVERSION = YES;
				CLANG_WARN_NON_LITERAL_NULL_CONVERSION = YES;
				CLANG_WARN_OBJC_IMPLICIT_RETAIN_SELF = YES;
				CLANG_WARN_OBJC_LITERAL_CONVERSION = YES;
				CLANG_WARN_OBJC_ROOT_CLASS = YES_ERROR;
				CLANG_WARN_RANGE_LOOP_ANALYSIS = YES;
				CLANG_WARN_STRICT_PROTOTYPES = YES;
				CLANG_WARN_SUSPICIOUS_MOVE = YES;
				CLANG_WARN_UNGUARDED_AVAILABILITY = YES_AGGRESSIVE;
				CLANG_WARN_UNREACHABLE_CODE = YES;
				CLANG_WARN__DUPLICATE_METHOD_MATCH = YES;
				CODE_SIGN_IDENTITY = "iPhone Developer";
				COPY_PHASE_STRIP = NO;
				DEBUG_INFORMATION_FORMAT = "dwarf-with-dsym";
				ENABLE_NS_ASSERTIONS = NO;
				ENABLE_STRICT_OBJC_MSGSEND = YES;
				GCC_C_LANGUAGE_STANDARD = gnu11;
				GCC_NO_COMMON_BLOCKS = YES;
				GCC_WARN_64_TO_32_BIT_CONVERSION = YES;
				GCC_WARN_ABOUT_RETURN_TYPE = YES_ERROR;
				GCC_WARN_UNDECLARED_SELECTOR = YES;
				GCC_WARN_UNINITIALIZED_AUTOS = YES_AGGRESSIVE;
				GCC_WARN_UNUSED_FUNCTION = YES;
				GCC_WARN_UNUSED_VARIABLE = YES;
				IPHONEOS_DEPLOYMENT_TARGET = 12.0;
				MTL_ENABLE_DEBUG_INFO = NO;
				MTL_FAST_MATH = YES;
				SDKROOT = iphoneos;
				SWIFT_COMPILATION_MODE = wholemodule;
				SWIFT_OPTIMIZATION_LEVEL = "-O";
				VALIDATE_PRODUCT = YES;
			};
			name = Release;
		};
		348867E9215B3A7D00BE7581 /* Debug */ = {
			isa = XCBuildConfiguration;
			buildSettings = {
				ASSETCATALOG_COMPILER_APPICON_NAME = AppIcon;
				CODE_SIGN_STYLE = Automatic;
				DEVELOPMENT_TEAM = KL8FWV544T;
				INFOPLIST_FILE = mDisco/Info.plist;
				LD_RUNPATH_SEARCH_PATHS = (
					"$(inherited)",
					"@executable_path/Frameworks",
				);
				PRODUCT_BUNDLE_IDENTIFIER = me.dangh.mDisco;
				PRODUCT_NAME = "$(TARGET_NAME)";
				SWIFT_VERSION = 4.2;
				TARGETED_DEVICE_FAMILY = "1,2";
			};
			name = Debug;
		};
		348867EA215B3A7D00BE7581 /* Release */ = {
			isa = XCBuildConfiguration;
			buildSettings = {
				ASSETCATALOG_COMPILER_APPICON_NAME = AppIcon;
				CODE_SIGN_STYLE = Automatic;
				DEVELOPMENT_TEAM = KL8FWV544T;
				INFOPLIST_FILE = mDisco/Info.plist;
				LD_RUNPATH_SEARCH_PATHS = (
					"$(inherited)",
					"@executable_path/Frameworks",
				);
				PRODUCT_BUNDLE_IDENTIFIER = me.dangh.mDisco;
				PRODUCT_NAME = "$(TARGET_NAME)";
				SWIFT_VERSION = 4.2;
				TARGETED_DEVICE_FAMILY = "1,2";
			};
			name = Release;
		};
/* End XCBuildConfiguration section */

/* Begin XCConfigurationList section */
		348867D1215B3A7B00BE7581 /* Build configuration list for PBXProject "mDisco" */ = {
			isa = XCConfigurationList;
			buildConfigurations = (
				348867E6215B3A7D00BE7581 /* Debug */,
				348867E7215B3A7D00BE7581 /* Release */,
			);
			defaultConfigurationIsVisible = 0;
			defaultConfigurationName = Release;
		};
		348867E8215B3A7D00BE7581 /* Build configuration list for PBXNativeTarget "mDisco" */ = {
			isa = XCConfigurationList;
			buildConfigurations = (
				348867E9215B3A7D00BE7581 /* Debug */,
				348867EA215B3A7D00BE7581 /* Release */,
			);
			defaultConfigurationIsVisible = 0;
			defaultConfigurationName = Release;
		};
/* End XCConfigurationList section */
	};
	rootObject = 348867CE215B3A7B00BE7581 /* Project object */;
}
